
Microsoft Visual Studio Solution File, Format Version 12.00
# Visual Studio Version 17
VisualStudioVersion = 17.14.36401.2 d17.14
MinimumVisualStudioVersion = 10.0.40219.1
Project("{FAE04EC0-301F-11D3-BF4B-00C04F79EFBC}") = "WebCatCli", "WebCatCli\WebCatCli.csproj", "{C77993EC-9AB4-4AAA-8146-553399411270}"
EndProject
Project("{F2A71F9B-5D33-465A-A702-920D77279786}") = "WebCat", "WebCat\WebCat.fsproj", "{F5A772AE-8E93-4E5A-9086-D9A06A9013BE}"
EndProject
Project("{FAE04EC0-301F-11D3-BF4B-00C04F79EFBC}") = "WebCatWinui", "WebCatWinui\WebCatWinui.csproj", "{F6A8AC75-6542-4F8E-A9FB-F407ADAED833}"
EndProject
Global
	GlobalSection(SolutionConfigurationPlatforms) = preSolution
		Debug|Any CPU = Debug|Any CPU
		Release|Any CPU = Release|Any CPU
	EndGlobalSection
	GlobalSection(ProjectConfigurationPlatforms) = postSolution
		{C77993EC-9AB4-4AAA-8146-553399411270}.Debug|Any CPU.ActiveCfg = Debug|Any CPU
		{C77993EC-9AB4-4AAA-8146-553399411270}.Debug|Any CPU.Build.0 = Debug|Any CPU
		{C77993EC-9AB4-4AAA-8146-553399411270}.Release|Any CPU.ActiveCfg = Release|Any CPU
		{C77993EC-9AB4-4AAA-8146-553399411270}.Release|Any CPU.Build.0 = Release|Any CPU
		{F5A772AE-8E93-4E5A-9086-D9A06A9013BE}.Debug|Any CPU.ActiveCfg = Debug|Any CPU
		{F5A772AE-8E93-4E5A-9086-D9A06A9013BE}.Debug|Any CPU.Build.0 = Debug|Any CPU
		{F5A772AE-8E93-4E5A-9086-D9A06A9013BE}.Release|Any CPU.ActiveCfg = Release|Any CPU
		{F5A772AE-8E93-4E5A-9086-D9A06A9013BE}.Release|Any CPU.Build.0 = Release|Any CPU
		{F6A8AC75-6542-4F8E-A9FB-F407ADAED833}.Debug|Any CPU.ActiveCfg = Debug|x64
		{F6A8AC75-6542-4F8E-A9FB-F407ADAED833}.Debug|Any CPU.Build.0 = Debug|x64
		{F6A8AC75-6542-4F8E-A9FB-F407ADAED833}.Debug|Any CPU.Deploy.0 = Debug|x64
		{F6A8AC75-6542-4F8E-A9FB-F407ADAED833}.Release|Any CPU.ActiveCfg = Release|x64
		{F6A8AC75-6542-4F8E-A9FB-F407ADAED833}.Release|Any CPU.Build.0 = Release|x64
		{F6A8AC75-6542-4F8E-A9FB-F407ADAED833}.Release|Any CPU.Deploy.0 = Release|x64
	EndGlobalSection
	GlobalSection(SolutionProperties) = preSolution
		HideSolutionNode = FALSE
	EndGlobalSection
EndGlobal
